
Microsoft Visual Studio Solution File, Format Version 12.00
# Visual Studio Version 17
VisualStudioVersion = 17.2.32616.157
MinimumVisualStudioVersion = 10.0.40219.1
Project("{FAE04EC0-301F-11D3-BF4B-00C04F79EFBC}") = "Minefield", "Minefield\Minefield.csproj", "{FCC14285-E307-48EA-AF4C-9A0C66DACD7C}"
EndProject
Global
	GlobalSection(SolutionConfigurationPlatforms) = preSolution
		Debug|Any CPU = Debug|Any CPU
		Release|Any CPU = Release|Any CPU
	EndGlobalSection
	GlobalSection(ProjectConfigurationPlatforms) = postSolution
		{FCC14285-E307-48EA-AF4C-9A0C66DACD7C}.Debug|Any CPU.ActiveCfg = Debug|Any CPU
		{FCC14285-E307-48EA-AF4C-9A0C66DACD7C}.Debug|Any CPU.Build.0 = Debug|Any CPU
		{FCC14285-E307-48EA-AF4C-9A0C66DACD7C}.Release|Any CPU.ActiveCfg = Release|Any CPU
		{FCC14285-E307-48EA-AF4C-9A0C66DACD7C}.Release|Any CPU.Build.0 = Release|Any CPU
	EndGlobalSection
	GlobalSection(SolutionProperties) = preSolution
		HideSolutionNode = FALSE
	EndGlobalSection
	GlobalSection(ExtensibilityGlobals) = postSolution
		SolutionGuid = {FB2265EB-6D9C-49D5-8560-A1C419827F72}
	EndGlobalSection
EndGlobal
